// !$*UTF8*$!
{
	archiveVersion = 1;
	classes = {
	};
	objectVersion = 56;
	objects = {

/* Begin PBXBuildFile section */
		6836985B2BEC1051006270BB /* AppDelegate.swift in Sources */ = {isa = PBXBuildFile; fileRef = 6836985A2BEC1051006270BB /* AppDelegate.swift */; };
		6836985D2BEC1051006270BB /* SceneDelegate.swift in Sources */ = {isa = PBXBuildFile; fileRef = 6836985C2BEC1051006270BB /* SceneDelegate.swift */; };
		6836985F2BEC1051006270BB /* MainTabBarViewController.swift in Sources */ = {isa = PBXBuildFile; fileRef = 6836985E2BEC1051006270BB /* MainTabBarViewController.swift */; };
		683698642BEC1054006270BB /* Assets.xcassets in Resources */ = {isa = PBXBuildFile; fileRef = 683698632BEC1054006270BB /* Assets.xcassets */; };
		683698672BEC1054006270BB /* LaunchScreen.storyboard in Resources */ = {isa = PBXBuildFile; fileRef = 683698652BEC1054006270BB /* LaunchScreen.storyboard */; };
		6861CC8A2C54E740001D09D0 /* NetflixCloneModel.xcdatamodeld in Sources */ = {isa = PBXBuildFile; fileRef = 6861CC882C54E740001D09D0 /* NetflixCloneModel.xcdatamodeld */; };
		6861CC8C2C54EA36001D09D0 /* DataPersistenceManager.swift in Sources */ = {isa = PBXBuildFile; fileRef = 6861CC8B2C54EA36001D09D0 /* DataPersistenceManager.swift */; };
		6869C3832BEE6F3E00C41278 /* UpcomingViewController.swift in Sources */ = {isa = PBXBuildFile; fileRef = 6869C3822BEE6F3E00C41278 /* UpcomingViewController.swift */; };
		6869C3852BEE6F5400C41278 /* HomeViewController.swift in Sources */ = {isa = PBXBuildFile; fileRef = 6869C3842BEE6F5300C41278 /* HomeViewController.swift */; };
		6869C3872BEE6F9900C41278 /* SearchViewController.swift in Sources */ = {isa = PBXBuildFile; fileRef = 6869C3862BEE6F9900C41278 /* SearchViewController.swift */; };
		6869C3892BEE6FB500C41278 /* DownloadsViewController.swift in Sources */ = {isa = PBXBuildFile; fileRef = 6869C3882BEE6FB500C41278 /* DownloadsViewController.swift */; };
		6869C3912BEE77A600C41278 /* CollectionVIewTableViewCell.swift in Sources */ = {isa = PBXBuildFile; fileRef = 6869C3902BEE77A600C41278 /* CollectionVIewTableViewCell.swift */; };
		6869C3932BEE835900C41278 /* HeroHeaderView.swift in Sources */ = {isa = PBXBuildFile; fileRef = 6869C3922BEE835900C41278 /* HeroHeaderView.swift */; };
		6869C3952BEE9FAD00C41278 /* APICaller.swift in Sources */ = {isa = PBXBuildFile; fileRef = 6869C3942BEE9FAD00C41278 /* APICaller.swift */; };
		6869C3972BEEA8DB00C41278 /* Title.swift in Sources */ = {isa = PBXBuildFile; fileRef = 6869C3962BEEA8DB00C41278 /* Title.swift */; };
		6869C3992BEEB47600C41278 /* Extensions.swift in Sources */ = {isa = PBXBuildFile; fileRef = 6869C3982BEEB47600C41278 /* Extensions.swift */; };
		6869C39D2BEEC1A400C41278 /* TitleCollectionViewCell.swift in Sources */ = {isa = PBXBuildFile; fileRef = 6869C39C2BEEC1A400C41278 /* TitleCollectionViewCell.swift */; };
		6869C3A02BEEC34000C41278 /* SDWebImage in Frameworks */ = {isa = PBXBuildFile; productRef = 6869C39F2BEEC34000C41278 /* SDWebImage */; };
		6869C3A22BEEC34000C41278 /* SDWebImageMapKit in Frameworks */ = {isa = PBXBuildFile; productRef = 6869C3A12BEEC34000C41278 /* SDWebImageMapKit */; };
		68E19B252BF29FC500A6ABF3 /* YouTubeSearchResponce.swift in Sources */ = {isa = PBXBuildFile; fileRef = 68E19B242BF29FC500A6ABF3 /* YouTubeSearchResponce.swift */; };
		68E19B272BF2A3CD00A6ABF3 /* TitlePreviewViewController.swift in Sources */ = {isa = PBXBuildFile; fileRef = 68E19B262BF2A3CD00A6ABF3 /* TitlePreviewViewController.swift */; };
		68E19B292BF2AE6300A6ABF3 /* TitlePreviewViewModel.swift in Sources */ = {isa = PBXBuildFile; fileRef = 68E19B282BF2AE6300A6ABF3 /* TitlePreviewViewModel.swift */; };
		68FDFF922BF1188B002D73A4 /* TitleTableViewCell.swift in Sources */ = {isa = PBXBuildFile; fileRef = 68FDFF912BF1188B002D73A4 /* TitleTableViewCell.swift */; };
		68FDFF942BF11EAC002D73A4 /* TitleViewModel.swift in Sources */ = {isa = PBXBuildFile; fileRef = 68FDFF932BF11EAC002D73A4 /* TitleViewModel.swift */; };
		68FDFF962BF13908002D73A4 /* SearchResultsViewController.swift in Sources */ = {isa = PBXBuildFile; fileRef = 68FDFF952BF13908002D73A4 /* SearchResultsViewController.swift */; };
/* End PBXBuildFile section */

/* Begin PBXFileReference section */
		683698572BEC1051006270BB /* Netflix Clone.app */ = {isa = PBXFileReference; explicitFileType = wrapper.application; includeInIndex = 0; path = "Netflix Clone.app"; sourceTree = BUILT_PRODUCTS_DIR; };
		6836985A2BEC1051006270BB /* AppDelegate.swift */ = {isa = PBXFileReference; lastKnownFileType = sourcecode.swift; path = AppDelegate.swift; sourceTree = "<group>"; };
		6836985C2BEC1051006270BB /* SceneDelegate.swift */ = {isa = PBXFileReference; lastKnownFileType = sourcecode.swift; path = SceneDelegate.swift; sourceTree = "<group>"; };
		6836985E2BEC1051006270BB /* MainTabBarViewController.swift */ = {isa = PBXFileReference; lastKnownFileType = sourcecode.swift; path = MainTabBarViewController.swift; sourceTree = "<group>"; };
		683698632BEC1054006270BB /* Assets.xcassets */ = {isa = PBXFileReference; lastKnownFileType = folder.assetcatalog; path = Assets.xcassets; sourceTree = "<group>"; };
		683698662BEC1054006270BB /* Base */ = {isa = PBXFileReference; lastKnownFileType = file.storyboard; name = Base; path = Base.lproj/LaunchScreen.storyboard; sourceTree = "<group>"; };
		683698682BEC1054006270BB /* Info.plist */ = {isa = PBXFileReference; lastKnownFileType = text.plist.xml; path = Info.plist; sourceTree = "<group>"; };
		6861CC892C54E740001D09D0 /* NetflixCloneModel.xcdatamodel */ = {isa = PBXFileReference; lastKnownFileType = wrapper.xcdatamodel; path = NetflixCloneModel.xcdatamodel; sourceTree = "<group>"; };
		6861CC8B2C54EA36001D09D0 /* DataPersistenceManager.swift */ = {isa = PBXFileReference; lastKnownFileType = sourcecode.swift; path = DataPersistenceManager.swift; sourceTree = "<group>"; };
		6869C3822BEE6F3E00C41278 /* UpcomingViewController.swift */ = {isa = PBXFileReference; lastKnownFileType = sourcecode.swift; path = UpcomingViewController.swift; sourceTree = "<group>"; };
		6869C3842BEE6F5300C41278 /* HomeViewController.swift */ = {isa = PBXFileReference; lastKnownFileType = sourcecode.swift; path = HomeViewController.swift; sourceTree = "<group>"; };
		6869C3862BEE6F9900C41278 /* SearchViewController.swift */ = {isa = PBXFileReference; lastKnownFileType = sourcecode.swift; path = SearchViewController.swift; sourceTree = "<group>"; };
		6869C3882BEE6FB500C41278 /* DownloadsViewController.swift */ = {isa = PBXFileReference; lastKnownFileType = sourcecode.swift; path = DownloadsViewController.swift; sourceTree = "<group>"; };
		6869C3902BEE77A600C41278 /* CollectionVIewTableViewCell.swift */ = {isa = PBXFileReference; lastKnownFileType = sourcecode.swift; path = CollectionVIewTableViewCell.swift; sourceTree = "<group>"; };
		6869C3922BEE835900C41278 /* HeroHeaderView.swift */ = {isa = PBXFileReference; lastKnownFileType = sourcecode.swift; path = HeroHeaderView.swift; sourceTree = "<group>"; };
		6869C3942BEE9FAD00C41278 /* APICaller.swift */ = {isa = PBXFileReference; lastKnownFileType = sourcecode.swift; path = APICaller.swift; sourceTree = "<group>"; };
		6869C3962BEEA8DB00C41278 /* Title.swift */ = {isa = PBXFileReference; lastKnownFileType = sourcecode.swift; path = Title.swift; sourceTree = "<group>"; };
		6869C3982BEEB47600C41278 /* Extensions.swift */ = {isa = PBXFileReference; lastKnownFileType = sourcecode.swift; path = Extensions.swift; sourceTree = "<group>"; };
		6869C39C2BEEC1A400C41278 /* TitleCollectionViewCell.swift */ = {isa = PBXFileReference; lastKnownFileType = sourcecode.swift; path = TitleCollectionViewCell.swift; sourceTree = "<group>"; };
		68E19B242BF29FC500A6ABF3 /* YouTubeSearchResponce.swift */ = {isa = PBXFileReference; lastKnownFileType = sourcecode.swift; path = YouTubeSearchResponce.swift; sourceTree = "<group>"; };
		68E19B262BF2A3CD00A6ABF3 /* TitlePreviewViewController.swift */ = {isa = PBXFileReference; lastKnownFileType = sourcecode.swift; path = TitlePreviewViewController.swift; sourceTree = "<group>"; };
		68E19B282BF2AE6300A6ABF3 /* TitlePreviewViewModel.swift */ = {isa = PBXFileReference; lastKnownFileType = sourcecode.swift; path = TitlePreviewViewModel.swift; sourceTree = "<group>"; };
		68FDFF912BF1188B002D73A4 /* TitleTableViewCell.swift */ = {isa = PBXFileReference; lastKnownFileType = sourcecode.swift; path = TitleTableViewCell.swift; sourceTree = "<group>"; };
		68FDFF932BF11EAC002D73A4 /* TitleViewModel.swift */ = {isa = PBXFileReference; lastKnownFileType = sourcecode.swift; path = TitleViewModel.swift; sourceTree = "<group>"; };
		68FDFF952BF13908002D73A4 /* SearchResultsViewController.swift */ = {isa = PBXFileReference; lastKnownFileType = sourcecode.swift; path = SearchResultsViewController.swift; sourceTree = "<group>"; };
/* End PBXFileReference section */

/* Begin PBXFrameworksBuildPhase section */
		683698542BEC1051006270BB /* Frameworks */ = {
			isa = PBXFrameworksBuildPhase;
			buildActionMask = 2147483647;
			files = (
				6869C3A22BEEC34000C41278 /* SDWebImageMapKit in Frameworks */,
				6869C3A02BEEC34000C41278 /* SDWebImage in Frameworks */,
			);
			runOnlyForDeploymentPostprocessing = 0;
		};
/* End PBXFrameworksBuildPhase section */

/* Begin PBXGroup section */
		6836984E2BEC1051006270BB = {
			isa = PBXGroup;
			children = (
				683698592BEC1051006270BB /* Netflix Clone */,
				683698582BEC1051006270BB /* Products */,
			);
			sourceTree = "<group>";
		};
		683698582BEC1051006270BB /* Products */ = {
			isa = PBXGroup;
			children = (
				683698572BEC1051006270BB /* Netflix Clone.app */,
			);
			name = Products;
			sourceTree = "<group>";
		};
		683698592BEC1051006270BB /* Netflix Clone */ = {
			isa = PBXGroup;
			children = (
				6869C38F2BEE766200C41278 /* Managers */,
				6869C38E2BEE765100C41278 /* Recources */,
				6869C38B2BEE75F800C41278 /* Models */,
				6869C38C2BEE760000C41278 /* Views */,
				6869C38D2BEE761000C41278 /* ViewModels */,
				6869C37F2BEE6EF500C41278 /* Controllers */,
				6836985A2BEC1051006270BB /* AppDelegate.swift */,
				6836985C2BEC1051006270BB /* SceneDelegate.swift */,
				6836985E2BEC1051006270BB /* MainTabBarViewController.swift */,
				683698632BEC1054006270BB /* Assets.xcassets */,
				683698652BEC1054006270BB /* LaunchScreen.storyboard */,
				683698682BEC1054006270BB /* Info.plist */,
				6861CC882C54E740001D09D0 /* NetflixCloneModel.xcdatamodeld */,
			);
			path = "Netflix Clone";
			sourceTree = "<group>";
		};
		6869C37F2BEE6EF500C41278 /* Controllers */ = {
			isa = PBXGroup;
			children = (
				68E19B232BF28CD300A6ABF3 /* General */,
				68E19B222BF28CA700A6ABF3 /* Core */,
			);
			path = Controllers;
			sourceTree = "<group>";
		};
		6869C38B2BEE75F800C41278 /* Models */ = {
			isa = PBXGroup;
			children = (
				6869C3962BEEA8DB00C41278 /* Title.swift */,
				68E19B242BF29FC500A6ABF3 /* YouTubeSearchResponce.swift */,
			);
			path = Models;
			sourceTree = "<group>";
		};
		6869C38C2BEE760000C41278 /* Views */ = {
			isa = PBXGroup;
			children = (
				6869C3902BEE77A600C41278 /* CollectionVIewTableViewCell.swift */,
				6869C3922BEE835900C41278 /* HeroHeaderView.swift */,
				6869C39C2BEEC1A400C41278 /* TitleCollectionViewCell.swift */,
				68FDFF912BF1188B002D73A4 /* TitleTableViewCell.swift */,
			);
			path = Views;
			sourceTree = "<group>";
		};
		6869C38D2BEE761000C41278 /* ViewModels */ = {
			isa = PBXGroup;
			children = (
				68FDFF932BF11EAC002D73A4 /* TitleViewModel.swift */,
				68E19B282BF2AE6300A6ABF3 /* TitlePreviewViewModel.swift */,
			);
			path = ViewModels;
			sourceTree = "<group>";
		};
		6869C38E2BEE765100C41278 /* Recources */ = {
			isa = PBXGroup;
			children = (
				6869C3982BEEB47600C41278 /* Extensions.swift */,
			);
			path = Recources;
			sourceTree = "<group>";
		};
		6869C38F2BEE766200C41278 /* Managers */ = {
			isa = PBXGroup;
			children = (
				6869C3942BEE9FAD00C41278 /* APICaller.swift */,
				6861CC8B2C54EA36001D09D0 /* DataPersistenceManager.swift */,
			);
			path = Managers;
			sourceTree = "<group>";
		};
		68E19B222BF28CA700A6ABF3 /* Core */ = {
			isa = PBXGroup;
			children = (
				6869C3842BEE6F5300C41278 /* HomeViewController.swift */,
				6869C3822BEE6F3E00C41278 /* UpcomingViewController.swift */,
				6869C3862BEE6F9900C41278 /* SearchViewController.swift */,
				6869C3882BEE6FB500C41278 /* DownloadsViewController.swift */,
				68E19B262BF2A3CD00A6ABF3 /* TitlePreviewViewController.swift */,
			);
			path = Core;
			sourceTree = "<group>";
		};
		68E19B232BF28CD300A6ABF3 /* General */ = {
			isa = PBXGroup;
			children = (
				68FDFF952BF13908002D73A4 /* SearchResultsViewController.swift */,
			);
			path = General;
			sourceTree = "<group>";
		};
/* End PBXGroup section */

/* Begin PBXNativeTarget section */
		683698562BEC1051006270BB /* Netflix Clone */ = {
			isa = PBXNativeTarget;
			buildConfigurationList = 6836986B2BEC1054006270BB /* Build configuration list for PBXNativeTarget "Netflix Clone" */;
			buildPhases = (
				683698532BEC1051006270BB /* Sources */,
				683698542BEC1051006270BB /* Frameworks */,
				683698552BEC1051006270BB /* Resources */,
			);
			buildRules = (
			);
			dependencies = (
			);
			name = "Netflix Clone";
			packageProductDependencies = (
				6869C39F2BEEC34000C41278 /* SDWebImage */,
				6869C3A12BEEC34000C41278 /* SDWebImageMapKit */,
			);
			productName = "Netflix Clone";
			productReference = 683698572BEC1051006270BB /* Netflix Clone.app */;
			productType = "com.apple.product-type.application";
		};
/* End PBXNativeTarget section */

/* Begin PBXProject section */
		6836984F2BEC1051006270BB /* Project object */ = {
			isa = PBXProject;
			attributes = {
				BuildIndependentTargetsInParallel = 1;
				LastSwiftUpdateCheck = 1520;
				LastUpgradeCheck = 1520;
				TargetAttributes = {
					683698562BEC1051006270BB = {
						CreatedOnToolsVersion = 15.2;
					};
				};
			};
			buildConfigurationList = 683698522BEC1051006270BB /* Build configuration list for PBXProject "Netflix Clone" */;
			compatibilityVersion = "Xcode 14.0";
			developmentRegion = en;
			hasScannedForEncodings = 0;
			knownRegions = (
				en,
				Base,
			);
			mainGroup = 6836984E2BEC1051006270BB;
			packageReferences = (
				6869C39E2BEEC34000C41278 /* XCRemoteSwiftPackageReference "SDWebImage" */,
			);
			productRefGroup = 683698582BEC1051006270BB /* Products */;
			projectDirPath = "";
			projectRoot = "";
			targets = (
				683698562BEC1051006270BB /* Netflix Clone */,
			);
		};
/* End PBXProject section */

/* Begin PBXResourcesBuildPhase section */
		683698552BEC1051006270BB /* Resources */ = {
			isa = PBXResourcesBuildPhase;
			buildActionMask = 2147483647;
			files = (
				683698672BEC1054006270BB /* LaunchScreen.storyboard in Resources */,
				683698642BEC1054006270BB /* Assets.xcassets in Resources */,
			);
			runOnlyForDeploymentPostprocessing = 0;
		};
/* End PBXResourcesBuildPhase section */

/* Begin PBXSourcesBuildPhase section */
		683698532BEC1051006270BB /* Sources */ = {
			isa = PBXSourcesBuildPhase;
			buildActionMask = 2147483647;
			files = (
				68FDFF922BF1188B002D73A4 /* TitleTableViewCell.swift in Sources */,
				6869C3872BEE6F9900C41278 /* SearchViewController.swift in Sources */,
				6869C39D2BEEC1A400C41278 /* TitleCollectionViewCell.swift in Sources */,
				6861CC8C2C54EA36001D09D0 /* DataPersistenceManager.swift in Sources */,
				6869C3852BEE6F5400C41278 /* HomeViewController.swift in Sources */,
				6869C3912BEE77A600C41278 /* CollectionVIewTableViewCell.swift in Sources */,
				6869C3952BEE9FAD00C41278 /* APICaller.swift in Sources */,
				6861CC8A2C54E740001D09D0 /* NetflixCloneModel.xcdatamodeld in Sources */,
				6869C3892BEE6FB500C41278 /* DownloadsViewController.swift in Sources */,
				6869C3932BEE835900C41278 /* HeroHeaderView.swift in Sources */,
				6836985F2BEC1051006270BB /* MainTabBarViewController.swift in Sources */,
				68FDFF962BF13908002D73A4 /* SearchResultsViewController.swift in Sources */,
				6869C3992BEEB47600C41278 /* Extensions.swift in Sources */,
				6836985B2BEC1051006270BB /* AppDelegate.swift in Sources */,
				6836985D2BEC1051006270BB /* SceneDelegate.swift in Sources */,
				68E19B292BF2AE6300A6ABF3 /* TitlePreviewViewModel.swift in Sources */,
				6869C3972BEEA8DB00C41278 /* Title.swift in Sources */,
				68E19B272BF2A3CD00A6ABF3 /* TitlePreviewViewController.swift in Sources */,
				68E19B252BF29FC500A6ABF3 /* YouTubeSearchResponce.swift in Sources */,
				6869C3832BEE6F3E00C41278 /* UpcomingViewController.swift in Sources */,
				68FDFF942BF11EAC002D73A4 /* TitleViewModel.swift in Sources */,
			);
			runOnlyForDeploymentPostprocessing = 0;
		};
/* End PBXSourcesBuildPhase section */

/* Begin PBXVariantGroup section */
		683698652BEC1054006270BB /* LaunchScreen.storyboard */ = {
			isa = PBXVariantGroup;
			children = (
				683698662BEC1054006270BB /* Base */,
			);
			name = LaunchScreen.storyboard;
			sourceTree = "<group>";
		};
/* End PBXVariantGroup section */

/* Begin XCBuildConfiguration section */
		683698692BEC1054006270BB /* Debug */ = {
			isa = XCBuildConfiguration;
			buildSettings = {
				ALWAYS_SEARCH_USER_PATHS = NO;
				ASSETCATALOG_COMPILER_GENERATE_SWIFT_ASSET_SYMBOL_EXTENSIONS = YES;
				CLANG_ANALYZER_NONNULL = YES;
				CLANG_ANALYZER_NUMBER_OBJECT_CONVERSION = YES_AGGRESSIVE;
				CLANG_CXX_LANGUAGE_STANDARD = "gnu++20";
				CLANG_ENABLE_MODULES = YES;
				CLANG_ENABLE_OBJC_ARC = YES;
				CLANG_ENABLE_OBJC_WEAK = YES;
				CLANG_WARN_BLOCK_CAPTURE_AUTORELEASING = YES;
				CLANG_WARN_BOOL_CONVERSION = YES;
				CLANG_WARN_COMMA = YES;
				CLANG_WARN_CONSTANT_CONVERSION = YES;
				CLANG_WARN_DEPRECATED_OBJC_IMPLEMENTATIONS = YES;
				CLANG_WARN_DIRECT_OBJC_ISA_USAGE = YES_ERROR;
				CLANG_WARN_DOCUMENTATION_COMMENTS = YES;
				CLANG_WARN_EMPTY_BODY = YES;
				CLANG_WARN_ENUM_CONVERSION = YES;
				CLANG_WARN_INFINITE_RECURSION = YES;
				CLANG_WARN_INT_CONVERSION = YES;
				CLANG_WARN_NON_LITERAL_NULL_CONVERSION = YES;
				CLANG_WARN_OBJC_IMPLICIT_RETAIN_SELF = YES;
				CLANG_WARN_OBJC_LITERAL_CONVERSION = YES;
				CLANG_WARN_OBJC_ROOT_CLASS = YES_ERROR;
				CLANG_WARN_QUOTED_INCLUDE_IN_FRAMEWORK_HEADER = YES;
				CLANG_WARN_RANGE_LOOP_ANALYSIS = YES;
				CLANG_WARN_STRICT_PROTOTYPES = YES;
				CLANG_WARN_SUSPICIOUS_MOVE = YES;
				CLANG_WARN_UNGUARDED_AVAILABILITY = YES_AGGRESSIVE;
				CLANG_WARN_UNREACHABLE_CODE = YES;
				CLANG_WARN__DUPLICATE_METHOD_MATCH = YES;
				COPY_PHASE_STRIP = NO;
				DEBUG_INFORMATION_FORMAT = dwarf;
				ENABLE_STRICT_OBJC_MSGSEND = YES;
				ENABLE_TESTABILITY = YES;
				ENABLE_USER_SCRIPT_SANDBOXING = YES;
				GCC_C_LANGUAGE_STANDARD = gnu17;
				GCC_DYNAMIC_NO_PIC = NO;
				GCC_NO_COMMON_BLOCKS = YES;
				GCC_OPTIMIZATION_LEVEL = 0;
				GCC_PREPROCESSOR_DEFINITIONS = (
					"DEBUG=1",
					"$(inherited)",
				);
				GCC_WARN_64_TO_32_BIT_CONVERSION = YES;
				GCC_WARN_ABOUT_RETURN_TYPE = YES_ERROR;
				GCC_WARN_UNDECLARED_SELECTOR = YES;
				GCC_WARN_UNINITIALIZED_AUTOS = YES_AGGRESSIVE;
				GCC_WARN_UNUSED_FUNCTION = YES;
				GCC_WARN_UNUSED_VARIABLE = YES;
				IPHONEOS_DEPLOYMENT_TARGET = 17.2;
				LOCALIZATION_PREFERS_STRING_CATALOGS = YES;
				MTL_ENABLE_DEBUG_INFO = INCLUDE_SOURCE;
				MTL_FAST_MATH = YES;
				ONLY_ACTIVE_ARCH = YES;
				SDKROOT = iphoneos;
				SWIFT_ACTIVE_COMPILATION_CONDITIONS = "DEBUG $(inherited)";
				SWIFT_OPTIMIZATION_LEVEL = "-Onone";
			};
			name = Debug;
		};
		6836986A2BEC1054006270BB /* Release */ = {
			isa = XCBuildConfiguration;
			buildSettings = {
				ALWAYS_SEARCH_USER_PATHS = NO;
				ASSETCATALOG_COMPILER_GENERATE_SWIFT_ASSET_SYMBOL_EXTENSIONS = YES;
				CLANG_ANALYZER_NONNULL = YES;
				CLANG_ANALYZER_NUMBER_OBJECT_CONVERSION = YES_AGGRESSIVE;
				CLANG_CXX_LANGUAGE_STANDARD = "gnu++20";
				CLANG_ENABLE_MODULES = YES;
				CLANG_ENABLE_OBJC_ARC = YES;
				CLANG_ENABLE_OBJC_WEAK = YES;
				CLANG_WARN_BLOCK_CAPTURE_AUTORELEASING = YES;
				CLANG_WARN_BOOL_CONVERSION = YES;
				CLANG_WARN_COMMA = YES;
				CLANG_WARN_CONSTANT_CONVERSION = YES;
				CLANG_WARN_DEPRECATED_OBJC_IMPLEMENTATIONS = YES;
				CLANG_WARN_DIRECT_OBJC_ISA_USAGE = YES_ERROR;
				CLANG_WARN_DOCUMENTATION_COMMENTS = YES;
				CLANG_WARN_EMPTY_BODY = YES;
				CLANG_WARN_ENUM_CONVERSION = YES;
				CLANG_WARN_INFINITE_RECURSION = YES;
				CLANG_WARN_INT_CONVERSION = YES;
				CLANG_WARN_NON_LITERAL_NULL_CONVERSION = YES;
				CLANG_WARN_OBJC_IMPLICIT_RETAIN_SELF = YES;
				CLANG_WARN_OBJC_LITERAL_CONVERSION = YES;
				CLANG_WARN_OBJC_ROOT_CLASS = YES_ERROR;
				CLANG_WARN_QUOTED_INCLUDE_IN_FRAMEWORK_HEADER = YES;
				CLANG_WARN_RANGE_LOOP_ANALYSIS = YES;
				CLANG_WARN_STRICT_PROTOTYPES = YES;
				CLANG_WARN_SUSPICIOUS_MOVE = YES;
				CLANG_WARN_UNGUARDED_AVAILABILITY = YES_AGGRESSIVE;
				CLANG_WARN_UNREACHABLE_CODE = YES;
				CLANG_WARN__DUPLICATE_METHOD_MATCH = YES;
				COPY_PHASE_STRIP = NO;
				DEBUG_INFORMATION_FORMAT = "dwarf-with-dsym";
				ENABLE_NS_ASSERTIONS = NO;
				ENABLE_STRICT_OBJC_MSGSEND = YES;
				ENABLE_USER_SCRIPT_SANDBOXING = YES;
				GCC_C_LANGUAGE_STANDARD = gnu17;
				GCC_NO_COMMON_BLOCKS = YES;
				GCC_WARN_64_TO_32_BIT_CONVERSION = YES;
				GCC_WARN_ABOUT_RETURN_TYPE = YES_ERROR;
				GCC_WARN_UNDECLARED_SELECTOR = YES;
				GCC_WARN_UNINITIALIZED_AUTOS = YES_AGGRESSIVE;
				GCC_WARN_UNUSED_FUNCTION = YES;
				GCC_WARN_UNUSED_VARIABLE = YES;
				IPHONEOS_DEPLOYMENT_TARGET = 17.2;
				LOCALIZATION_PREFERS_STRING_CATALOGS = YES;
				MTL_ENABLE_DEBUG_INFO = NO;
				MTL_FAST_MATH = YES;
				SDKROOT = iphoneos;
				SWIFT_COMPILATION_MODE = wholemodule;
				VALIDATE_PRODUCT = YES;
			};
			name = Release;
		};
		6836986C2BEC1054006270BB /* Debug */ = {
			isa = XCBuildConfiguration;
			buildSettings = {
				ASSETCATALOG_COMPILER_APPICON_NAME = AppIcon;
				ASSETCATALOG_COMPILER_GLOBAL_ACCENT_COLOR_NAME = AccentColor;
				CODE_SIGN_STYLE = Automatic;
				CURRENT_PROJECT_VERSION = 1;
				GENERATE_INFOPLIST_FILE = YES;
				INFOPLIST_FILE = "Netflix Clone/Info.plist";
				INFOPLIST_KEY_UIApplicationSupportsIndirectInputEvents = YES;
				INFOPLIST_KEY_UILaunchStoryboardName = LaunchScreen;
				INFOPLIST_KEY_UISupportedInterfaceOrientations_iPad = "UIInterfaceOrientationPortrait UIInterfaceOrientationPortraitUpsideDown UIInterfaceOrientationLandscapeLeft UIInterfaceOrientationLandscapeRight";
				INFOPLIST_KEY_UISupportedInterfaceOrientations_iPhone = "UIInterfaceOrientationPortrait UIInterfaceOrientationLandscapeLeft UIInterfaceOrientationLandscapeRight";
				IPHONEOS_DEPLOYMENT_TARGET = 15.0;
				LD_RUNPATH_SEARCH_PATHS = (
					"$(inherited)",
					"@executable_path/Frameworks",
				);
				MARKETING_VERSION = 1.0;
				PRODUCT_BUNDLE_IDENTIFIER = "com.den.Netflix-Clone";
				PRODUCT_NAME = "$(TARGET_NAME)";
				SWIFT_EMIT_LOC_STRINGS = YES;
				SWIFT_VERSION = 5.0;
				TARGETED_DEVICE_FAMILY = "1,2";
			};
			name = Debug;
		};
		6836986D2BEC1054006270BB /* Release */ = {
			isa = XCBuildConfiguration;
			buildSettings = {
				ASSETCATALOG_COMPILER_APPICON_NAME = AppIcon;
				ASSETCATALOG_COMPILER_GLOBAL_ACCENT_COLOR_NAME = AccentColor;
				CODE_SIGN_STYLE = Automatic;
				CURRENT_PROJECT_VERSION = 1;
				GENERATE_INFOPLIST_FILE = YES;
				INFOPLIST_FILE = "Netflix Clone/Info.plist";
				INFOPLIST_KEY_UIApplicationSupportsIndirectInputEvents = YES;
				INFOPLIST_KEY_UILaunchStoryboardName = LaunchScreen;
				INFOPLIST_KEY_UISupportedInterfaceOrientations_iPad = "UIInterfaceOrientationPortrait UIInterfaceOrientationPortraitUpsideDown UIInterfaceOrientationLandscapeLeft UIInterfaceOrientationLandscapeRight";
				INFOPLIST_KEY_UISupportedInterfaceOrientations_iPhone = "UIInterfaceOrientationPortrait UIInterfaceOrientationLandscapeLeft UIInterfaceOrientationLandscapeRight";
				IPHONEOS_DEPLOYMENT_TARGET = 15.0;
				LD_RUNPATH_SEARCH_PATHS = (
					"$(inherited)",
					"@executable_path/Frameworks",
				);
				MARKETING_VERSION = 1.0;
				PRODUCT_BUNDLE_IDENTIFIER = "com.den.Netflix-Clone";
				PRODUCT_NAME = "$(TARGET_NAME)";
				SWIFT_EMIT_LOC_STRINGS = YES;
				SWIFT_VERSION = 5.0;
				TARGETED_DEVICE_FAMILY = "1,2";
			};
			name = Release;
		};
/* End XCBuildConfiguration section */

/* Begin XCConfigurationList section */
		683698522BEC1051006270BB /* Build configuration list for PBXProject "Netflix Clone" */ = {
			isa = XCConfigurationList;
			buildConfigurations = (
				683698692BEC1054006270BB /* Debug */,
				6836986A2BEC1054006270BB /* Release */,
			);
			defaultConfigurationIsVisible = 0;
			defaultConfigurationName = Release;
		};
		6836986B2BEC1054006270BB /* Build configuration list for PBXNativeTarget "Netflix Clone" */ = {
			isa = XCConfigurationList;
			buildConfigurations = (
				6836986C2BEC1054006270BB /* Debug */,
				6836986D2BEC1054006270BB /* Release */,
			);
			defaultConfigurationIsVisible = 0;
			defaultConfigurationName = Release;
		};
/* End XCConfigurationList section */

/* Begin XCRemoteSwiftPackageReference section */
		6869C39E2BEEC34000C41278 /* XCRemoteSwiftPackageReference "SDWebImage" */ = {
			isa = XCRemoteSwiftPackageReference;
			repositoryURL = "https://github.com/SDWebImage/SDWebImage.git";
			requirement = {
				kind = upToNextMajorVersion;
				minimumVersion = 5.19.2;
			};
		};
/* End XCRemoteSwiftPackageReference section */

/* Begin XCSwiftPackageProductDependency section */
		6869C39F2BEEC34000C41278 /* SDWebImage */ = {
			isa = XCSwiftPackageProductDependency;
			package = 6869C39E2BEEC34000C41278 /* XCRemoteSwiftPackageReference "SDWebImage" */;
			productName = SDWebImage;
		};
		6869C3A12BEEC34000C41278 /* SDWebImageMapKit */ = {
			isa = XCSwiftPackageProductDependency;
			package = 6869C39E2BEEC34000C41278 /* XCRemoteSwiftPackageReference "SDWebImage" */;
			productName = SDWebImageMapKit;
		};
/* End XCSwiftPackageProductDependency section */

/* Begin XCVersionGroup section */
		6861CC882C54E740001D09D0 /* NetflixCloneModel.xcdatamodeld */ = {
			isa = XCVersionGroup;
			children = (
				6861CC892C54E740001D09D0 /* NetflixCloneModel.xcdatamodel */,
			);
			currentVersion = 6861CC892C54E740001D09D0 /* NetflixCloneModel.xcdatamodel */;
			path = NetflixCloneModel.xcdatamodeld;
			sourceTree = "<group>";
			versionGroupType = wrapper.xcdatamodel;
		};
/* End XCVersionGroup section */
	};
	rootObject = 6836984F2BEC1051006270BB /* Project object */;
}
